{
  "nodes": {
    "amidog-cpu-test-rom": {
      "flake": false,
      "locked": {
        "lastModified": 1391784307,
        "narHash": "sha256-QuuiP4AIfDlJEb4kZlofUGxENeML9qaLaBoAT84lsAg=",
        "type": "tarball",
        "url": "https://psx.amidog.se/lib/exe/fetch.php?media=psx:download:psxtest_cpu.zip"
      },
      "original": {
        "type": "tarball",
        "url": "https://psx.amidog.se/lib/exe/fetch.php?media=psx:download:psxtest_cpu.zip"
      }
    },
    "amidog-cpx-test-rom": {
      "flake": false,
      "locked": {
        "lastModified": 1388492877,
        "narHash": "sha256-QgYKuo812yLyZvJ1GFTn5Je7EMUIqyLZ572HJv/fMa4=",
        "type": "tarball",
        "url": "https://psx.amidog.se/lib/exe/fetch.php?media=psx:download:psxtest_cpx.zip"
      },
      "original": {
        "type": "tarball",
        "url": "https://psx.amidog.se/lib/exe/fetch.php?media=psx:download:psxtest_cpx.zip"
      }
    },
    "bios": {
      "flake": false,
      "locked": {
        "narHash": "sha256-7JdZ4N9k5e/LUm8Sx5QlnOr1yRxpXqol90lyqLosIgE=",
        "type": "file",
        "url": "https://github.com/Abdess/retrobios/raw/refs/heads/main/bios/Sony/PlayStation/scph1001.bin"
      },
      "original": {
        "type": "file",
        "url": "https://github.com/Abdess/retrobios/raw/refs/heads/main/bios/Sony/PlayStation/scph1001.bin"
      }
    },
    "crane": {
      "locked": {
        "lastModified": 1779130139,
        "narHash": "sha256-BLrtr42azquO7MdGFU5a7KiMl3YpFlTeIXqy1fT5GlQ=",
        "owner": "ipetkov",
        "repo": "crane",
        "rev": "edb38893982a3338972bb4a2ec7ce7c29ba10fd9",
        "type": "github"
      },
      "original": {
        "owner": "ipetkov",
        "repo": "crane",
        "type": "github"
      }
    },
    "flake-utils": {
      "inputs": {
        "systems": "systems"
      },
      "locked": {
        "lastModified": 1731533236,
        "narHash": "sha256-l0KFg5HjrsfsO/JpG+r7fRrqm12kzFHyUHqHCVpMMbI=",
        "owner": "numtide",
        "repo": "flake-utils",
        "rev": "11707dc2f618dd54ca8739b309ec4fc024de578b",
        "type": "github"
      },
      "original": {
        "owner": "numtide",
        "repo": "flake-utils",
        "type": "github"
      }
    },
    "nixpkgs": {
      "locked": {
        "lastModified": 1779568489,
        "narHash": "sha256-TOHGX8VlskYJ2oTYQhZqz0gIe2MGqkqPLpk8JdDKCJ0=",
        "owner": "nixos",
        "repo": "nixpkgs",
        "rev": "55532ed09e74a950eb4bf1390cdc5e9d4549f2fb",
        "type": "github"
      },
      "original": {
        "owner": "nixos",
        "ref": "master",
        "repo": "nixpkgs",
        "type": "github"
      }
    },
    "pcsx-redux": {
      "flake": false,
      "locked": {
        "lastModified": 1779549428,
        "narHash": "sha256-Nyl3v6lw6nAx0vsLjuWO+77ctDA0EYQmpvH6WrbJDVg=",
        "ref": "refs/heads/main",
        "rev": "8de5168c9cdf8d25bf11c9acf23baef91a009afd",
        "revCount": 7051,
        "submodules": true,
        "type": "git",
        "url": "https://github.com/nicolasnoble/pcsx-redux"
      },
      "original": {
        "submodules": true,
        "type": "git",
        "url": "https://github.com/nicolasnoble/pcsx-redux"
      }
    },
    "peter-lemon-test-roms": {
      "flake": false,
      "locked": {
        "lastModified": 1768939783,
        "narHash": "sha256-ZZEONU0Qzh1LO0UOVugPdjyGNXT03zfgMKSj4VnKa4k=",
        "owner": "PeterLemon",
        "repo": "PSX",
        "rev": "6d20c132aba02cf387ed2224993ce9ee9a48e620",
        "type": "github"
      },
      "original": {
        "owner": "PeterLemon",
        "repo": "PSX",
        "type": "github"
      }
    },
    "root": {
      "inputs": {
        "amidog-cpu-test-rom": "amidog-cpu-test-rom",
        "amidog-cpx-test-rom": "amidog-cpx-test-rom",
        "bios": "bios",
        "crane": "crane",
        "flake-utils": "flake-utils",
        "nixpkgs": "nixpkgs",
        "pcsx-redux": "pcsx-redux",
        "peter-lemon-test-roms": "peter-lemon-test-roms",
        "rust-overlay": "rust-overlay"
      }
    },
    "rust-overlay": {
      "inputs": {
        "nixpkgs": [
          "nixpkgs"
        ]
      },
      "locked": {
        "lastModified": 1779506148,
        "narHash": "sha256-OffE5yuMrSW71zIJNLvtl9MCO6WTAHEjlFPUCvkd/QM=",
        "owner": "oxalica",
        "repo": "rust-overlay",
        "rev": "d9973e2ab49747fada06ebbe26cda27eb0220cf1",
        "type": "github"
      },
      "original": {
        "owner": "oxalica",
        "repo": "rust-overlay",
        "type": "github"
      }
    },
    "systems": {
      "locked": {
        "lastModified": 1681028828,
        "narHash": "sha256-Vy1rq5AaRuLzOxct8nz4T6wlgyUR7zLU309k9mBC768=",
        "owner": "nix-systems",
        "repo": "default",
        "rev": "da67096a3b9bf56a91d16901293e51ba5b49a27e",
        "type": "github"
      },
      "original": {
        "owner": "nix-systems",
        "repo": "default",
        "type": "github"
      }
    }
  },
  "root": "root",
  "version": 7
}
