{
  "nodes": {
    "amidog-cpu-test-rom": {
      "flake": false,
      "locked": {
        "lastModified": 1391784307,
        "narHash": "sha256-QuuiP4AIfDlJEb4kZlofUGxENeML9qaLaBoAT84lsAg=",
        "type": "tarball",
        "url": "https://psx.amidog.se/lib/exe/fetch.php?media=psx:download:psxtest_cpu.zip"
      },
      "original": {
        "type": "tarball",
        "url": "https://psx.amidog.se/lib/exe/fetch.php?media=psx:download:psxtest_cpu.zip"
      }
    },
    "amidog-cpx-test-rom": {
      "flake": false,
      "locked": {
        "lastModified": 1388492877,
        "narHash": "sha256-QgYKuo812yLyZvJ1GFTn5Je7EMUIqyLZ572HJv/fMa4=",
        "type": "tarball",
        "url": "https://psx.amidog.se/lib/exe/fetch.php?media=psx:download:psxtest_cpx.zip"
      },
      "original": {
        "type": "tarball",
        "url": "https://psx.amidog.se/lib/exe/fetch.php?media=psx:download:psxtest_cpx.zip"
      }
    },
    "bios": {
      "flake": false,
      "locked": {
        "narHash": "sha256-7JdZ4N9k5e/LUm8Sx5QlnOr1yRxpXqol90lyqLosIgE=",
        "type": "file",
        "url": "https://github.com/Abdess/retrobios/raw/refs/heads/main/bios/Sony/PlayStation/scph1001.bin"
      },
      "original": {
        "type": "file",
        "url": "https://github.com/Abdess/retrobios/raw/refs/heads/main/bios/Sony/PlayStation/scph1001.bin"
      }
    },
    "crane": {
      "locked": {
        "lastModified": 1781825982,
        "narHash": "sha256-SlXKwIRIhrOSAcTjCB3ftPLzJWZStQIPS7J1FlZPnKk=",
        "owner": "ipetkov",
        "repo": "crane",
        "rev": "469fd08d0bcf6926321fa973c6777fbc87785dd7",
        "type": "github"
      },
      "original": {
        "owner": "ipetkov",
        "repo": "crane",
        "type": "github"
      }
    },
    "flake-parts": {
      "inputs": {
        "nixpkgs-lib": [
          "nixpkgs"
        ]
      },
      "locked": {
        "lastModified": 1778716662,
        "narHash": "sha256-m1Yf0wZ8j1OHjTc2UwHwyQRSnNeSgLJOd7q5Y45hzi4=",
        "owner": "hercules-ci",
        "repo": "flake-parts",
        "rev": "f7c1a2d347e4c52d5fb8d10cb4d94b5884e546fb",
        "type": "github"
      },
      "original": {
        "owner": "hercules-ci",
        "repo": "flake-parts",
        "type": "github"
      }
    },
    "import-tree": {
      "locked": {
        "lastModified": 1778781969,
        "narHash": "sha256-Jjuz5CmSkur8KvLDoGa+vylEp+RkQtv4mt/qcMznpH0=",
        "owner": "vic",
        "repo": "import-tree",
        "rev": "d321337efd0f23a9eb14a42adb7b2c29313ab274",
        "type": "github"
      },
      "original": {
        "owner": "vic",
        "repo": "import-tree",
        "type": "github"
      }
    },
    "nixpkgs": {
      "locked": {
        "lastModified": 1782717640,
        "narHash": "sha256-OuuzVM5qcPxwdFl7cl9ab66fYXe5IsFcUSLo348r61w=",
        "owner": "nixos",
        "repo": "nixpkgs",
        "rev": "d0e1b92291c61173f2dc209dbdeda9f8cd9369b5",
        "type": "github"
      },
      "original": {
        "owner": "nixos",
        "ref": "master",
        "repo": "nixpkgs",
        "type": "github"
      }
    },
    "nolibgs_hello_worlds": {
      "flake": false,
      "locked": {
        "lastModified": 1768832358,
        "narHash": "sha256-eTdw/OtfNVzKJWQ4tQK9hfZJMlMe6QBq1OsJRPqHTWQ=",
        "ref": "refs/heads/main",
        "rev": "48790325a9e37923dbc8c607aa4b3304316f5451",
        "revCount": 273,
        "submodules": true,
        "type": "git",
        "url": "https://github.com/ABelliqueux/nolibgs_hello_worlds"
      },
      "original": {
        "submodules": true,
        "type": "git",
        "url": "https://github.com/ABelliqueux/nolibgs_hello_worlds"
      }
    },
    "pcsx-redux": {
      "flake": false,
      "locked": {
        "lastModified": 1781579769,
        "narHash": "sha256-v39x1l1CiLzioXPPt86lRKI+J7USaya3/vIX8Ba2p1o=",
        "ref": "refs/heads/main",
        "rev": "e2b4d906fd8ef9843ab237fac452e5e1ccde84e8",
        "revCount": 7279,
        "submodules": true,
        "type": "git",
        "url": "https://github.com/nicolasnoble/pcsx-redux"
      },
      "original": {
        "submodules": true,
        "type": "git",
        "url": "https://github.com/nicolasnoble/pcsx-redux"
      }
    },
    "peter-lemon-test-roms": {
      "flake": false,
      "locked": {
        "lastModified": 1768939783,
        "narHash": "sha256-ZZEONU0Qzh1LO0UOVugPdjyGNXT03zfgMKSj4VnKa4k=",
        "owner": "PeterLemon",
        "repo": "PSX",
        "rev": "6d20c132aba02cf387ed2224993ce9ee9a48e620",
        "type": "github"
      },
      "original": {
        "owner": "PeterLemon",
        "repo": "PSX",
        "type": "github"
      }
    },
    "root": {
      "inputs": {
        "amidog-cpu-test-rom": "amidog-cpu-test-rom",
        "amidog-cpx-test-rom": "amidog-cpx-test-rom",
        "bios": "bios",
        "crane": "crane",
        "flake-parts": "flake-parts",
        "import-tree": "import-tree",
        "nixpkgs": "nixpkgs",
        "nolibgs_hello_worlds": "nolibgs_hello_worlds",
        "pcsx-redux": "pcsx-redux",
        "peter-lemon-test-roms": "peter-lemon-test-roms",
        "rust-overlay": "rust-overlay"
      }
    },
    "rust-overlay": {
      "inputs": {
        "nixpkgs": [
          "nixpkgs"
        ]
      },
      "locked": {
        "lastModified": 1782703273,
        "narHash": "sha256-WJPfr9EAWVIuTMyb/ilHKUYlg/RNa0xrNiWR+p1iHUg=",
        "owner": "oxalica",
        "repo": "rust-overlay",
        "rev": "5106a604b3d67cffe8eb51a8bd9f04e607f0d31d",
        "type": "github"
      },
      "original": {
        "owner": "oxalica",
        "repo": "rust-overlay",
        "type": "github"
      }
    }
  },
  "root": "root",
  "version": 7
}
